
Microsoft Visual Studio Solution File, Format Version 12.00
# Visual Studio Version 17
VisualStudioVersion = 17.0.32126.317
MinimumVisualStudioVersion = 10.0.40219.1
Project("{FAE04EC0-301F-11D3-BF4B-00C04F79EFBC}") = "capaDatos", "capaDatos\capaDatos.csproj", "{393BF5CB-7D5D-4DDC-B06F-A42E03689DA2}"
EndProject
Project("{FAE04EC0-301F-11D3-BF4B-00C04F79EFBC}") = "capaLogi", "capaLogi\capaLogi.csproj", "{AF709157-2742-4B49-A289-C27395F5CED8}"
EndProject
Project("{FAE04EC0-301F-11D3-BF4B-00C04F79EFBC}") = "CapaPresentacion", "CapaPresentacion\CapaPresentacion.csproj", "{1AD5228A-2B69-432B-B3A2-8928097EDAD6}"
EndProject
Global
	GlobalSection(SolutionConfigurationPlatforms) = preSolution
		Debug|Any CPU = Debug|Any CPU
		Release|Any CPU = Release|Any CPU
	EndGlobalSection
	GlobalSection(ProjectConfigurationPlatforms) = postSolution
		{393BF5CB-7D5D-4DDC-B06F-A42E03689DA2}.Debug|Any CPU.ActiveCfg = Debug|Any CPU
		{393BF5CB-7D5D-4DDC-B06F-A42E03689DA2}.Debug|Any CPU.Build.0 = Debug|Any CPU
		{393BF5CB-7D5D-4DDC-B06F-A42E03689DA2}.Release|Any CPU.ActiveCfg = Release|Any CPU
		{393BF5CB-7D5D-4DDC-B06F-A42E03689DA2}.Release|Any CPU.Build.0 = Release|Any CPU
		{AF709157-2742-4B49-A289-C27395F5CED8}.Debug|Any CPU.ActiveCfg = Debug|Any CPU
		{AF709157-2742-4B49-A289-C27395F5CED8}.Debug|Any CPU.Build.0 = Debug|Any CPU
		{AF709157-2742-4B49-A289-C27395F5CED8}.Release|Any CPU.ActiveCfg = Release|Any CPU
		{AF709157-2742-4B49-A289-C27395F5CED8}.Release|Any CPU.Build.0 = Release|Any CPU
		{1AD5228A-2B69-432B-B3A2-8928097EDAD6}.Debug|Any CPU.ActiveCfg = Debug|Any CPU
		{1AD5228A-2B69-432B-B3A2-8928097EDAD6}.Debug|Any CPU.Build.0 = Debug|Any CPU
		{1AD5228A-2B69-432B-B3A2-8928097EDAD6}.Release|Any CPU.ActiveCfg = Release|Any CPU
		{1AD5228A-2B69-432B-B3A2-8928097EDAD6}.Release|Any CPU.Build.0 = Release|Any CPU
	EndGlobalSection
	GlobalSection(SolutionProperties) = preSolution
		HideSolutionNode = FALSE
	EndGlobalSection
	GlobalSection(ExtensibilityGlobals) = postSolution
		SolutionGuid = {D8ABF813-FD7F-4900-BE59-145C458F2328}
	EndGlobalSection
EndGlobal
